
Microsoft Visual Studio Solution File, Format Version 12.00
# Visual Studio 15
VisualStudioVersion = 15.0.27703.2035
MinimumVisualStudioVersion = 10.0.40219.1
Project("{FAE04EC0-301F-11D3-BF4B-00C04F79EFBC}") = "StrikeWars", "GameJam_26\StrikeWars.csproj", "{745E2EBD-6D2B-4B26-A730-323B41DB3C7A}"
EndProject
Global
	GlobalSection(SolutionConfigurationPlatforms) = preSolution
		Debug|x86 = Debug|x86
		Release|x86 = Release|x86
	EndGlobalSection
	GlobalSection(ProjectConfigurationPlatforms) = postSolution
		{745E2EBD-6D2B-4B26-A730-323B41DB3C7A}.Debug|x86.ActiveCfg = Debug|x86
		{745E2EBD-6D2B-4B26-A730-323B41DB3C7A}.Debug|x86.Build.0 = Debug|x86
		{745E2EBD-6D2B-4B26-A730-323B41DB3C7A}.Release|x86.ActiveCfg = Release|x86
		{745E2EBD-6D2B-4B26-A730-323B41DB3C7A}.Release|x86.Build.0 = Release|x86
	EndGlobalSection
	GlobalSection(SolutionProperties) = preSolution
		HideSolutionNode = FALSE
	EndGlobalSection
	GlobalSection(ExtensibilityGlobals) = postSolution
		SolutionGuid = {698A448A-5EA4-415D-AE50-FD40F3D681B3}
	EndGlobalSection
EndGlobal
